
Microsoft Visual Studio Solution File, Format Version 12.00
# Visual Studio Version 18
VisualStudioVersion = 18.7.11903.348 stable
MinimumVisualStudioVersion = 10.0.40219.1
Project("{2150E333-8FDC-42A3-9474-1A3956D46DE8}") = "src", "src", "{0C48C635-E07E-40E0-8138-ADFB66D59E0F}"
EndProject
Project("{2150E333-8FDC-42A3-9474-1A3956D46DE8}") = "tests", "tests", "{8BBD273E-A159-4B7B-888E-004E2B4E29BE}"
EndProject
Project("{2150E333-8FDC-42A3-9474-1A3956D46DE8}") = "1. Domain", "1. Domain", "{63A81011-863E-46BB-95B7-8489DFEC6028}"
EndProject
Project("{2150E333-8FDC-42A3-9474-1A3956D46DE8}") = "2. Application", "2. Application", "{04168DB5-6A76-49FF-BC95-65289A3AACBB}"
EndProject
Project("{2150E333-8FDC-42A3-9474-1A3956D46DE8}") = "3. Infrastructure", "3. Infrastructure", "{C93302F8-FD69-48DF-966E-DE86A12DCB05}"
EndProject
Project("{9A19103F-16F7-4668-BE54-9A1E7A4F7556}") = "DevSu.Bank.Customers.Domain", "DevSu.Bank.Customers.Domain\DevSu.Bank.Customers.Domain.csproj", "{C89905C2-C054-4F60-8F51-8E4C55942952}"
EndProject
Project("{9A19103F-16F7-4668-BE54-9A1E7A4F7556}") = "DevSu.Bank.Customers.Application", "DevSu.Bank.Customers.Application\DevSu.Bank.Customers.Application.csproj", "{5BE1F22A-20A6-4EBF-A7C4-33B91F274ED4}"
EndProject
Project("{9A19103F-16F7-4668-BE54-9A1E7A4F7556}") = "DevSu.Bank.Customers.Infrastructure", "DevSu.Bank.Customers.Infrastructure\DevSu.Bank.Customers.Infrastructure.csproj", "{54B56B36-B819-49BB-BD96-68BB90553B89}"
EndProject
Project("{2150E333-8FDC-42A3-9474-1A3956D46DE8}") = "4. Presentation", "4. Presentation", "{D18C2D52-EB79-4DBA-BEB4-FB541C3B5F23}"
EndProject
Project("{9A19103F-16F7-4668-BE54-9A1E7A4F7556}") = "DevSu.Bank.Customers.Application.UnitTest", "DevSu.Bank.Customers.Application.UnitTest\DevSu.Bank.Customers.Application.UnitTest.csproj", "{FBD31524-7F17-4A23-B8AA-E2D7605C48B5}"
EndProject
Project("{9A19103F-16F7-4668-BE54-9A1E7A4F7556}") = "DevSu.Bank.Customers.Domain.UnitTest", "DevSu.Bank.Customers.Domain.UnitTest\DevSu.Bank.Customers.Domain.UnitTest.csproj", "{FC0B39C9-BCD6-4902-AC92-1FBE60C02E50}"
EndProject
Project("{9A19103F-16F7-4668-BE54-9A1E7A4F7556}") = "DevSu.Bank.Customers.Presentation.Api", "DevSu.Bank.Customers.Presentation.Api\DevSu.Bank.Customers.Presentation.Api.csproj", "{43E09FB2-AC23-4F12-A452-A12B40126834}"
EndProject
Project("{2150E333-8FDC-42A3-9474-1A3956D46DE8}") = "1. Domain", "1. Domain", "{B70B9B3F-114D-423E-B2A9-E7066C5AB810}"
EndProject
Project("{2150E333-8FDC-42A3-9474-1A3956D46DE8}") = "2. Application", "2. Application", "{9C256951-7C3D-48CB-AD04-B785B7991B74}"
EndProject
Project("{2150E333-8FDC-42A3-9474-1A3956D46DE8}") = "3. Infrastructure", "3. Infrastructure", "{A5B0DF51-78FF-47D1-8B56-B85D5F98C70C}"
EndProject
Project("{2150E333-8FDC-42A3-9474-1A3956D46DE8}") = "4. Presentation", "4. Presentation", "{626D40DB-D10D-4C29-9EA5-4BD519FFD89D}"
EndProject
Project("{9A19103F-16F7-4668-BE54-9A1E7A4F7556}") = "DevSu.Bank.Customers.Infrastructure.UnitTest", "DevSu.Bank.Customers.Infrastructure.UnitTest\DevSu.Bank.Customers.Infrastructure.UnitTest.csproj", "{9909C2A9-77B2-4CF6-A904-00DE01B037B5}"
EndProject
Project("{9A19103F-16F7-4668-BE54-9A1E7A4F7556}") = "DevSu.Bank.Customers.Presentation.Api.UnitTest", "DevSu.Bank.Customers.Presentation.Api.UnitTest\DevSu.Bank.Customers.Presentation.Api.UnitTest.csproj", "{7B56DC7C-CE76-42EB-9376-150F80CD60C9}"
EndProject
Project("{2150E333-8FDC-42A3-9474-1A3956D46DE8}") = "root", "root", "{19978427-BA4A-4484-B5A7-CED15B9C470E}"
	ProjectSection(SolutionItems) = preProject
		README.md = README.md
	EndProjectSection
EndProject
Global
	GlobalSection(SolutionConfigurationPlatforms) = preSolution
		Debug|Any CPU = Debug|Any CPU
		Release|Any CPU = Release|Any CPU
	EndGlobalSection
	GlobalSection(ProjectConfigurationPlatforms) = postSolution
		{C89905C2-C054-4F60-8F51-8E4C55942952}.Debug|Any CPU.ActiveCfg = Debug|Any CPU
		{C89905C2-C054-4F60-8F51-8E4C55942952}.Debug|Any CPU.Build.0 = Debug|Any CPU
		{C89905C2-C054-4F60-8F51-8E4C55942952}.Release|Any CPU.ActiveCfg = Release|Any CPU
		{C89905C2-C054-4F60-8F51-8E4C55942952}.Release|Any CPU.Build.0 = Release|Any CPU
		{5BE1F22A-20A6-4EBF-A7C4-33B91F274ED4}.Debug|Any CPU.ActiveCfg = Debug|Any CPU
		{5BE1F22A-20A6-4EBF-A7C4-33B91F274ED4}.Debug|Any CPU.Build.0 = Debug|Any CPU
		{5BE1F22A-20A6-4EBF-A7C4-33B91F274ED4}.Release|Any CPU.ActiveCfg = Release|Any CPU
		{5BE1F22A-20A6-4EBF-A7C4-33B91F274ED4}.Release|Any CPU.Build.0 = Release|Any CPU
		{54B56B36-B819-49BB-BD96-68BB90553B89}.Debug|Any CPU.ActiveCfg = Debug|Any CPU
		{54B56B36-B819-49BB-BD96-68BB90553B89}.Debug|Any CPU.Build.0 = Debug|Any CPU
		{54B56B36-B819-49BB-BD96-68BB90553B89}.Release|Any CPU.ActiveCfg = Release|Any CPU
		{54B56B36-B819-49BB-BD96-68BB90553B89}.Release|Any CPU.Build.0 = Release|Any CPU
		{FBD31524-7F17-4A23-B8AA-E2D7605C48B5}.Debug|Any CPU.ActiveCfg = Debug|Any CPU
		{FBD31524-7F17-4A23-B8AA-E2D7605C48B5}.Debug|Any CPU.Build.0 = Debug|Any CPU
		{FBD31524-7F17-4A23-B8AA-E2D7605C48B5}.Release|Any CPU.ActiveCfg = Release|Any CPU
		{FBD31524-7F17-4A23-B8AA-E2D7605C48B5}.Release|Any CPU.Build.0 = Release|Any CPU
		{FC0B39C9-BCD6-4902-AC92-1FBE60C02E50}.Debug|Any CPU.ActiveCfg = Debug|Any CPU
		{FC0B39C9-BCD6-4902-AC92-1FBE60C02E50}.Debug|Any CPU.Build.0 = Debug|Any CPU
		{FC0B39C9-BCD6-4902-AC92-1FBE60C02E50}.Release|Any CPU.ActiveCfg = Release|Any CPU
		{FC0B39C9-BCD6-4902-AC92-1FBE60C02E50}.Release|Any CPU.Build.0 = Release|Any CPU
		{43E09FB2-AC23-4F12-A452-A12B40126834}.Debug|Any CPU.ActiveCfg = Debug|Any CPU
		{43E09FB2-AC23-4F12-A452-A12B40126834}.Debug|Any CPU.Build.0 = Debug|Any CPU
		{43E09FB2-AC23-4F12-A452-A12B40126834}.Release|Any CPU.ActiveCfg = Release|Any CPU
		{43E09FB2-AC23-4F12-A452-A12B40126834}.Release|Any CPU.Build.0 = Release|Any CPU
		{9909C2A9-77B2-4CF6-A904-00DE01B037B5}.Debug|Any CPU.ActiveCfg = Debug|Any CPU
		{9909C2A9-77B2-4CF6-A904-00DE01B037B5}.Debug|Any CPU.Build.0 = Debug|Any CPU
		{9909C2A9-77B2-4CF6-A904-00DE01B037B5}.Release|Any CPU.ActiveCfg = Release|Any CPU
		{9909C2A9-77B2-4CF6-A904-00DE01B037B5}.Release|Any CPU.Build.0 = Release|Any CPU
		{7B56DC7C-CE76-42EB-9376-150F80CD60C9}.Debug|Any CPU.ActiveCfg = Debug|Any CPU
		{7B56DC7C-CE76-42EB-9376-150F80CD60C9}.Debug|Any CPU.Build.0 = Debug|Any CPU
		{7B56DC7C-CE76-42EB-9376-150F80CD60C9}.Release|Any CPU.ActiveCfg = Release|Any CPU
		{7B56DC7C-CE76-42EB-9376-150F80CD60C9}.Release|Any CPU.Build.0 = Release|Any CPU
	EndGlobalSection
	GlobalSection(SolutionProperties) = preSolution
		HideSolutionNode = FALSE
	EndGlobalSection
	GlobalSection(NestedProjects) = preSolution
		{63A81011-863E-46BB-95B7-8489DFEC6028} = {0C48C635-E07E-40E0-8138-ADFB66D59E0F}
		{04168DB5-6A76-49FF-BC95-65289A3AACBB} = {0C48C635-E07E-40E0-8138-ADFB66D59E0F}
		{C93302F8-FD69-48DF-966E-DE86A12DCB05} = {0C48C635-E07E-40E0-8138-ADFB66D59E0F}
		{C89905C2-C054-4F60-8F51-8E4C55942952} = {63A81011-863E-46BB-95B7-8489DFEC6028}
		{5BE1F22A-20A6-4EBF-A7C4-33B91F274ED4} = {04168DB5-6A76-49FF-BC95-65289A3AACBB}
		{54B56B36-B819-49BB-BD96-68BB90553B89} = {C93302F8-FD69-48DF-966E-DE86A12DCB05}
		{D18C2D52-EB79-4DBA-BEB4-FB541C3B5F23} = {0C48C635-E07E-40E0-8138-ADFB66D59E0F}
		{FBD31524-7F17-4A23-B8AA-E2D7605C48B5} = {9C256951-7C3D-48CB-AD04-B785B7991B74}
		{FC0B39C9-BCD6-4902-AC92-1FBE60C02E50} = {B70B9B3F-114D-423E-B2A9-E7066C5AB810}
		{43E09FB2-AC23-4F12-A452-A12B40126834} = {D18C2D52-EB79-4DBA-BEB4-FB541C3B5F23}
		{B70B9B3F-114D-423E-B2A9-E7066C5AB810} = {8BBD273E-A159-4B7B-888E-004E2B4E29BE}
		{9C256951-7C3D-48CB-AD04-B785B7991B74} = {8BBD273E-A159-4B7B-888E-004E2B4E29BE}
		{A5B0DF51-78FF-47D1-8B56-B85D5F98C70C} = {8BBD273E-A159-4B7B-888E-004E2B4E29BE}
		{626D40DB-D10D-4C29-9EA5-4BD519FFD89D} = {8BBD273E-A159-4B7B-888E-004E2B4E29BE}
		{9909C2A9-77B2-4CF6-A904-00DE01B037B5} = {A5B0DF51-78FF-47D1-8B56-B85D5F98C70C}
		{7B56DC7C-CE76-42EB-9376-150F80CD60C9} = {626D40DB-D10D-4C29-9EA5-4BD519FFD89D}
	EndGlobalSection
	GlobalSection(ExtensibilityGlobals) = postSolution
		SolutionGuid = {1EE56797-7203-4594-96BA-72926BB609C8}
	EndGlobalSection
EndGlobal
